
Microsoft Visual Studio Solution File, Format Version 12.00
# Visual Studio Version 17
VisualStudioVersion = 17.7.34031.279
MinimumVisualStudioVersion = 10.0.40219.1
Project("{FAE04EC0-301F-11D3-BF4B-00C04F79EFBC}") = "Lab 7 - Polymorphism", "Lab 7 - Polymorphism\Lab 7 - Polymorphism.csproj", "{64F8DA18-DBF9-4A92-802A-AD9896542A82}"
EndProject
Global
	GlobalSection(SolutionConfigurationPlatforms) = preSolution
		Debug|Any CPU = Debug|Any CPU
		Release|Any CPU = Release|Any CPU
	EndGlobalSection
	GlobalSection(ProjectConfigurationPlatforms) = postSolution
		{64F8DA18-DBF9-4A92-802A-AD9896542A82}.Debug|Any CPU.ActiveCfg = Debug|Any CPU
		{64F8DA18-DBF9-4A92-802A-AD9896542A82}.Debug|Any CPU.Build.0 = Debug|Any CPU
		{64F8DA18-DBF9-4A92-802A-AD9896542A82}.Release|Any CPU.ActiveCfg = Release|Any CPU
		{64F8DA18-DBF9-4A92-802A-AD9896542A82}.Release|Any CPU.Build.0 = Release|Any CPU
	EndGlobalSection
	GlobalSection(SolutionProperties) = preSolution
		HideSolutionNode = FALSE
	EndGlobalSection
	GlobalSection(ExtensibilityGlobals) = postSolution
		SolutionGuid = {B642AD2D-7237-4F28-858F-2DD663C458F8}
	EndGlobalSection
EndGlobal
